Microsoft Visual Studio Solution File, Format Version 12.00
# Visual Studio Version 17
VisualStudioVersion = 17.5.2.0
MinimumVisualStudioVersion = 10.0.40219.1
Project("{FAE04EC0-301F-11D3-BF4B-00C04F79EFBC}") = "ms-products", "ms-products.csproj", "{B7FDF45C-4F94-6101-BF9D-CB3AEB37998A}"
EndProject
Global
	GlobalSection(SolutionConfigurationPlatforms) = preSolution
		Debug|Any CPU = Debug|Any CPU
		Release|Any CPU = Release|Any CPU
	EndGlobalSection
	GlobalSection(ProjectConfigurationPlatforms) = postSolution
		{B7FDF45C-4F94-6101-BF9D-CB3AEB37998A}.Debug|Any CPU.ActiveCfg = Debug|Any CPU
		{B7FDF45C-4F94-6101-BF9D-CB3AEB37998A}.Debug|Any CPU.Build.0 = Debug|Any CPU
		{B7FDF45C-4F94-6101-BF9D-CB3AEB37998A}.Release|Any CPU.ActiveCfg = Release|Any CPU
		{B7FDF45C-4F94-6101-BF9D-CB3AEB37998A}.Release|Any CPU.Build.0 = Release|Any CPU
	EndGlobalSection
	GlobalSection(SolutionProperties) = preSolution
		HideSolutionNode = FALSE
	EndGlobalSection
	GlobalSection(ExtensibilityGlobals) = postSolution
		SolutionGuid = {53C7578D-D85A-4645-B843-9BE974526F71}
	EndGlobalSection
EndGlobal
